// !$*UTF8*$!
{
	archiveVersion = 1;
	classes = {
	};
	objectVersion = 46;
	objects = {

/* Begin PBXBuildFile section */
		39D534E3154DC32100990982 /* UIKit.framework in Frameworks */ = {isa = PBXBuildFile; fileRef = 39D534E2154DC32100990982 /* UIKit.framework */; };
		39D534E5154DC32100990982 /* Foundation.framework in Frameworks */ = {isa = PBXBuildFile; fileRef = 39D534E4154DC32100990982 /* Foundation.framework */; };
		39D534E7154DC32100990982 /* CoreGraphics.framework in Frameworks */ = {isa = PBXBuildFile; fileRef = 39D534E6154DC32100990982 /* CoreGraphics.framework */; };
		39D534ED154DC32100990982 /* InfoPlist.strings in Resources */ = {isa = PBXBuildFile; fileRef = 39D534EB154DC32100990982 /* InfoPlist.strings */; };
		39D534EF154DC32100990982 /* main.m in Sources */ = {isa = PBXBuildFile; fileRef = 39D534EE154DC32100990982 /* main.m */; };
		39D534F3154DC32100990982 /* KMAppDelegate.m in Sources */ = {isa = PBXBuildFile; fileRef = 39D534F2154DC32100990982 /* KMAppDelegate.m */; };
		39D534F6154DC32100990982 /* KMViewController.m in Sources */ = {isa = PBXBuildFile; fileRef = 39D534F5154DC32100990982 /* KMViewController.m */; };
		39D534F9154DC32100990982 /* KMViewController.xib in Resources */ = {isa = PBXBuildFile; fileRef = 39D534F7154DC32100990982 /* KMViewController.xib */; };
		39D53507154DC38A00990982 /* parseIt.ym in Sources */ = {isa = PBXBuildFile; fileRef = 39D53503154DC38A00990982 /* parseIt.ym */; };
		39D53508154DC38A00990982 /* TimeParser.c in Sources */ = {isa = PBXBuildFile; fileRef = 39D53504154DC38A00990982 /* TimeParser.c */; };
		39D53509154DC38A00990982 /* tokeIt.l in Sources */ = {isa = PBXBuildFile; fileRef = 39D53506154DC38A00990982 /* tokeIt.l */; };
/* End PBXBuildFile section */

/* Begin PBXFileReference section */
		39D534DE154DC32100990982 /* NLDP.app */ = {isa = PBXFileReference; explicitFileType = wrapper.application; includeInIndex = 0; path = NLDP.app; sourceTree = BUILT_PRODUCTS_DIR; };
		39D534E2154DC32100990982 /* UIKit.framework */ = {isa = PBXFileReference; lastKnownFileType = wrapper.framework; name = UIKit.framework; path = System/Library/Frameworks/UIKit.framework; sourceTree = SDKROOT; };
		39D534E4154DC32100990982 /* Foundation.framework */ = {isa = PBXFileReference; lastKnownFileType = wrapper.framework; name = Foundation.framework; path = System/Library/Frameworks/Foundation.framework; sourceTree = SDKROOT; };
		39D534E6154DC32100990982 /* CoreGraphics.framework */ = {isa = PBXFileReference; lastKnownFileType = wrapper.framework; name = CoreGraphics.framework; path = System/Library/Frameworks/CoreGraphics.framework; sourceTree = SDKROOT; };
		39D534EA154DC32100990982 /* NLDP-Info.plist */ = {isa = PBXFileReference; lastKnownFileType = text.plist.xml; path = "NLDP-Info.plist"; sourceTree = "<group>"; };
		39D534EC154DC32100990982 /* en */ = {isa = PBXFileReference; lastKnownFileType = text.plist.strings; name = en; path = en.lproj/InfoPlist.strings; sourceTree = "<group>"; };
		39D534EE154DC32100990982 /* main.m */ = {isa = PBXFileReference; lastKnownFileType = sourcecode.c.objc; path = main.m; sourceTree = "<group>"; };
		39D534F0154DC32100990982 /* NLDP-Prefix.pch */ = {isa = PBXFileReference; lastKnownFileType = sourcecode.c.h; path = "NLDP-Prefix.pch"; sourceTree = "<group>"; };
		39D534F1154DC32100990982 /* KMAppDelegate.h */ = {isa = PBXFileReference; lastKnownFileType = sourcecode.c.h; path = KMAppDelegate.h; sourceTree = "<group>"; };
		39D534F2154DC32100990982 /* KMAppDelegate.m */ = {isa = PBXFileReference; lastKnownFileType = sourcecode.c.objc; path = KMAppDelegate.m; sourceTree = "<group>"; };
		39D534F4154DC32100990982 /* KMViewController.h */ = {isa = PBXFileReference; lastKnownFileType = sourcecode.c.h; path = KMViewController.h; sourceTree = "<group>"; };
		39D534F5154DC32100990982 /* KMViewController.m */ = {isa = PBXFileReference; lastKnownFileType = sourcecode.c.objc; path = KMViewController.m; sourceTree = "<group>"; };
		39D534F8154DC32100990982 /* en */ = {isa = PBXFileReference; lastKnownFileType = file.xib; name = en; path = en.lproj/KMViewController.xib; sourceTree = "<group>"; };
		39D53503154DC38A00990982 /* parseIt.ym */ = {isa = PBXFileReference; fileEncoding = 4; lastKnownFileType = sourcecode.yacc; name = parseIt.ym; path = ../../../parseIt.ym; sourceTree = "<group>"; };
		39D53504154DC38A00990982 /* TimeParser.c */ = {isa = PBXFileReference; fileEncoding = 4; lastKnownFileType = sourcecode.c.c; name = TimeParser.c; path = ../../../TimeParser.c; sourceTree = "<group>"; };
		39D53506154DC38A00990982 /* tokeIt.l */ = {isa = PBXFileReference; fileEncoding = 4; lastKnownFileType = sourcecode.lex; name = tokeIt.l; path = ../../../tokeIt.l; sourceTree = "<group>"; };
		39D5350A154DC5DC00990982 /* TimeParser.h */ = {isa = PBXFileReference; fileEncoding = 4; lastKnownFileType = sourcecode.c.h; name = TimeParser.h; path = ../../../TimeParser.h; sourceTree = "<group>"; };
/* End PBXFileReference section */

/* Begin PBXFrameworksBuildPhase section */
		39D534DB154DC32100990982 /* Frameworks */ = {
			isa = PBXFrameworksBuildPhase;
			buildActionMask = 2147483647;
			files = (
				39D534E3154DC32100990982 /* UIKit.framework in Frameworks */,
				39D534E5154DC32100990982 /* Foundation.framework in Frameworks */,
				39D534E7154DC32100990982 /* CoreGraphics.framework in Frameworks */,
			);
			runOnlyForDeploymentPostprocessing = 0;
		};
/* End PBXFrameworksBuildPhase section */

/* Begin PBXGroup section */
		39D534D3154DC32100990982 = {
			isa = PBXGroup;
			children = (
				39D534E8154DC32100990982 /* NLDP */,
				39D534E1154DC32100990982 /* Frameworks */,
				39D534DF154DC32100990982 /* Products */,
			);
			sourceTree = "<group>";
		};
		39D534DF154DC32100990982 /* Products */ = {
			isa = PBXGroup;
			children = (
				39D534DE154DC32100990982 /* NLDP.app */,
			);
			name = Products;
			sourceTree = "<group>";
		};
		39D534E1154DC32100990982 /* Frameworks */ = {
			isa = PBXGroup;
			children = (
				39D534E2154DC32100990982 /* UIKit.framework */,
				39D534E4154DC32100990982 /* Foundation.framework */,
				39D534E6154DC32100990982 /* CoreGraphics.framework */,
			);
			name = Frameworks;
			sourceTree = "<group>";
		};
		39D534E8154DC32100990982 /* NLDP */ = {
			isa = PBXGroup;
			children = (
				39D5350A154DC5DC00990982 /* TimeParser.h */,
				39D53503154DC38A00990982 /* parseIt.ym */,
				39D53504154DC38A00990982 /* TimeParser.c */,
				39D53506154DC38A00990982 /* tokeIt.l */,
				39D534F1154DC32100990982 /* KMAppDelegate.h */,
				39D534F2154DC32100990982 /* KMAppDelegate.m */,
				39D534F4154DC32100990982 /* KMViewController.h */,
				39D534F5154DC32100990982 /* KMViewController.m */,
				39D534F7154DC32100990982 /* KMViewController.xib */,
				39D534E9154DC32100990982 /* Supporting Files */,
			);
			path = NLDP;
			sourceTree = "<group>";
		};
		39D534E9154DC32100990982 /* Supporting Files */ = {
			isa = PBXGroup;
			children = (
				39D534EA154DC32100990982 /* NLDP-Info.plist */,
				39D534EB154DC32100990982 /* InfoPlist.strings */,
				39D534EE154DC32100990982 /* main.m */,
				39D534F0154DC32100990982 /* NLDP-Prefix.pch */,
			);
			name = "Supporting Files";
			sourceTree = "<group>";
		};
/* End PBXGroup section */

/* Begin PBXNativeTarget section */
		39D534DD154DC32100990982 /* NLDP */ = {
			isa = PBXNativeTarget;
			buildConfigurationList = 39D534FC154DC32100990982 /* Build configuration list for PBXNativeTarget "NLDP" */;
			buildPhases = (
				39D534DA154DC32100990982 /* Sources */,
				39D534DB154DC32100990982 /* Frameworks */,
				39D534DC154DC32100990982 /* Resources */,
			);
			buildRules = (
			);
			dependencies = (
			);
			name = NLDP;
			productName = NLDP;
			productReference = 39D534DE154DC32100990982 /* NLDP.app */;
			productType = "com.apple.product-type.application";
		};
/* End PBXNativeTarget section */

/* Begin PBXProject section */
		39D534D5154DC32100990982 /* Project object */ = {
			isa = PBXProject;
			attributes = {
				CLASSPREFIX = KM;
				LastUpgradeCheck = 0430;
				ORGANIZATIONNAME = FrenzyLabs;
			};
			buildConfigurationList = 39D534D8154DC32100990982 /* Build configuration list for PBXProject "NLDP" */;
			compatibilityVersion = "Xcode 3.2";
			developmentRegion = English;
			hasScannedForEncodings = 0;
			knownRegions = (
				en,
			);
			mainGroup = 39D534D3154DC32100990982;
			productRefGroup = 39D534DF154DC32100990982 /* Products */;
			projectDirPath = "";
			projectRoot = "";
			targets = (
				39D534DD154DC32100990982 /* NLDP */,
			);
		};
/* End PBXProject section */

/* Begin PBXResourcesBuildPhase section */
		39D534DC154DC32100990982 /* Resources */ = {
			isa = PBXResourcesBuildPhase;
			buildActionMask = 2147483647;
			files = (
				39D534ED154DC32100990982 /* InfoPlist.strings in Resources */,
				39D534F9154DC32100990982 /* KMViewController.xib in Resources */,
			);
			runOnlyForDeploymentPostprocessing = 0;
		};
/* End PBXResourcesBuildPhase section */

/* Begin PBXSourcesBuildPhase section */
		39D534DA154DC32100990982 /* Sources */ = {
			isa = PBXSourcesBuildPhase;
			buildActionMask = 2147483647;
			files = (
				39D534EF154DC32100990982 /* main.m in Sources */,
				39D534F3154DC32100990982 /* KMAppDelegate.m in Sources */,
				39D534F6154DC32100990982 /* KMViewController.m in Sources */,
				39D53507154DC38A00990982 /* parseIt.ym in Sources */,
				39D53508154DC38A00990982 /* TimeParser.c in Sources */,
				39D53509154DC38A00990982 /* tokeIt.l in Sources */,
			);
			runOnlyForDeploymentPostprocessing = 0;
		};
/* End PBXSourcesBuildPhase section */

/* Begin PBXVariantGroup section */
		39D534EB154DC32100990982 /* InfoPlist.strings */ = {
			isa = PBXVariantGroup;
			children = (
				39D534EC154DC32100990982 /* en */,
			);
			name = InfoPlist.strings;
			sourceTree = "<group>";
		};
		39D534F7154DC32100990982 /* KMViewController.xib */ = {
			isa = PBXVariantGroup;
			children = (
				39D534F8154DC32100990982 /* en */,
			);
			name = KMViewController.xib;
			sourceTree = "<group>";
		};
/* End PBXVariantGroup section */

/* Begin XCBuildConfiguration section */
		39D534FA154DC32100990982 /* Debug */ = {
			isa = XCBuildConfiguration;
			buildSettings = {
				ALWAYS_SEARCH_USER_PATHS = NO;
				ARCHS = "$(ARCHS_STANDARD_32_BIT)";
				CLANG_ENABLE_OBJC_ARC = YES;
				"CODE_SIGN_IDENTITY[sdk=iphoneos*]" = "iPhone Developer";
				COPY_PHASE_STRIP = NO;
				GCC_C_LANGUAGE_STANDARD = gnu99;
				GCC_DYNAMIC_NO_PIC = NO;
				GCC_OPTIMIZATION_LEVEL = 0;
				GCC_PREPROCESSOR_DEFINITIONS = (
					"DEBUG=1",
					"$(inherited)",
				);
				GCC_SYMBOLS_PRIVATE_EXTERN = NO;
				GCC_VERSION = com.apple.compilers.llvm.clang.1_0;
				GCC_WARN_ABOUT_RETURN_TYPE = YES;
				GCC_WARN_UNINITIALIZED_AUTOS = YES;
				GCC_WARN_UNUSED_VARIABLE = YES;
				IPHONEOS_DEPLOYMENT_TARGET = 5.1;
				SDKROOT = iphoneos;
			};
			name = Debug;
		};
		39D534FB154DC32100990982 /* Release */ = {
			isa = XCBuildConfiguration;
			buildSettings = {
				ALWAYS_SEARCH_USER_PATHS = NO;
				ARCHS = "$(ARCHS_STANDARD_32_BIT)";
				CLANG_ENABLE_OBJC_ARC = YES;
				"CODE_SIGN_IDENTITY[sdk=iphoneos*]" = "iPhone Developer";
				COPY_PHASE_STRIP = YES;
				GCC_C_LANGUAGE_STANDARD = gnu99;
				GCC_VERSION = com.apple.compilers.llvm.clang.1_0;
				GCC_WARN_ABOUT_RETURN_TYPE = YES;
				GCC_WARN_UNINITIALIZED_AUTOS = YES;
				GCC_WARN_UNUSED_VARIABLE = YES;
				IPHONEOS_DEPLOYMENT_TARGET = 5.1;
				OTHER_CFLAGS = "-DNS_BLOCK_ASSERTIONS=1";
				SDKROOT = iphoneos;
				VALIDATE_PRODUCT = YES;
			};
			name = Release;
		};
		39D534FD154DC32100990982 /* Debug */ = {
			isa = XCBuildConfiguration;
			buildSettings = {
				GCC_PRECOMPILE_PREFIX_HEADER = YES;
				GCC_PREFIX_HEADER = "NLDP/NLDP-Prefix.pch";
				INFOPLIST_FILE = "NLDP/NLDP-Info.plist";
				PRODUCT_NAME = "$(TARGET_NAME)";
				WRAPPER_EXTENSION = app;
			};
			name = Debug;
		};
		39D534FE154DC32100990982 /* Release */ = {
			isa = XCBuildConfiguration;
			buildSettings = {
				GCC_PRECOMPILE_PREFIX_HEADER = YES;
				GCC_PREFIX_HEADER = "NLDP/NLDP-Prefix.pch";
				INFOPLIST_FILE = "NLDP/NLDP-Info.plist";
				PRODUCT_NAME = "$(TARGET_NAME)";
				WRAPPER_EXTENSION = app;
			};
			name = Release;
		};
/* End XCBuildConfiguration section */

/* Begin XCConfigurationList section */
		39D534D8154DC32100990982 /* Build configuration list for PBXProject "NLDP" */ = {
			isa = XCConfigurationList;
			buildConfigurations = (
				39D534FA154DC32100990982 /* Debug */,
				39D534FB154DC32100990982 /* Release */,
			);
			defaultConfigurationIsVisible = 0;
			defaultConfigurationName = Release;
		};
		39D534FC154DC32100990982 /* Build configuration list for PBXNativeTarget "NLDP" */ = {
			isa = XCConfigurationList;
			buildConfigurations = (
				39D534FD154DC32100990982 /* Debug */,
				39D534FE154DC32100990982 /* Release */,
			);
			defaultConfigurationIsVisible = 0;
		};
/* End XCConfigurationList section */
	};
	rootObject = 39D534D5154DC32100990982 /* Project object */;
}
